
Microsoft Visual Studio Solution File, Format Version 12.00
# Visual Studio 2013
Project("{FAE04EC0-301F-11D3-BF4B-00C04F79EFBC}") = "NearestStation.CSharp.Plugins", "NearestStation.CSharp.Plugins.csproj", "{FA54C34B-FD77-8F5C-F652-7E76EE6756DC}"
EndProject
Project("{FAE04EC0-301F-11D3-BF4B-00C04F79EFBC}") = "NearestStation.CSharp", "NearestStation.CSharp.csproj", "{1EE1DB7C-FB93-55EC-A18D-CF70B09FCBE2}"
EndProject
Project("{FAE04EC0-301F-11D3-BF4B-00C04F79EFBC}") = "NearestStation.CSharp.Editor", "NearestStation.CSharp.Editor.csproj", "{19DED91D-BC27-6896-8FD6-E37A81B667CF}"
EndProject
Global
	GlobalSection(SolutionConfigurationPlatforms) = preSolution
		Debug|Any CPU = Debug|Any CPU
		Release|Any CPU = Release|Any CPU
	EndGlobalSection
	GlobalSection(ProjectConfigurationPlatforms) = postSolution
		{FA54C34B-FD77-8F5C-F652-7E76EE6756DC}.Debug|Any CPU.ActiveCfg = Debug|Any CPU
		{FA54C34B-FD77-8F5C-F652-7E76EE6756DC}.Debug|Any CPU.Build.0 = Debug|Any CPU
		{FA54C34B-FD77-8F5C-F652-7E76EE6756DC}.Release|Any CPU.ActiveCfg = Release|Any CPU
		{FA54C34B-FD77-8F5C-F652-7E76EE6756DC}.Release|Any CPU.Build.0 = Release|Any CPU
		{1EE1DB7C-FB93-55EC-A18D-CF70B09FCBE2}.Debug|Any CPU.ActiveCfg = Debug|Any CPU
		{1EE1DB7C-FB93-55EC-A18D-CF70B09FCBE2}.Debug|Any CPU.Build.0 = Debug|Any CPU
		{1EE1DB7C-FB93-55EC-A18D-CF70B09FCBE2}.Release|Any CPU.ActiveCfg = Release|Any CPU
		{1EE1DB7C-FB93-55EC-A18D-CF70B09FCBE2}.Release|Any CPU.Build.0 = Release|Any CPU
		{19DED91D-BC27-6896-8FD6-E37A81B667CF}.Debug|Any CPU.ActiveCfg = Debug|Any CPU
		{19DED91D-BC27-6896-8FD6-E37A81B667CF}.Debug|Any CPU.Build.0 = Debug|Any CPU
		{19DED91D-BC27-6896-8FD6-E37A81B667CF}.Release|Any CPU.ActiveCfg = Release|Any CPU
		{19DED91D-BC27-6896-8FD6-E37A81B667CF}.Release|Any CPU.Build.0 = Release|Any CPU
	EndGlobalSection
	GlobalSection(SolutionProperties) = preSolution
		HideSolutionNode = FALSE
	EndGlobalSection
EndGlobal
